// !$*UTF8*$!
{
	archiveVersion = 1;
	classes = {
	};
	objectVersion = 55;
	objects = {

/* Begin PBXBuildFile section */
		1D03AAE92726B7CF0042FE42 /* bitrise_demoApp.swift in Sources */ = {isa = PBXBuildFile; fileRef = 1D03AAE82726B7CF0042FE42 /* bitrise_demoApp.swift */; };
		1D03AAEB2726B7CF0042FE42 /* ContentView.swift in Sources */ = {isa = PBXBuildFile; fileRef = 1D03AAEA2726B7CF0042FE42 /* ContentView.swift */; };
		1D03AAED2726B7D40042FE42 /* Assets.xcassets in Resources */ = {isa = PBXBuildFile; fileRef = 1D03AAEC2726B7D40042FE42 /* Assets.xcassets */; };
		1D03AAF02726B7D40042FE42 /* Preview Assets.xcassets in Resources */ = {isa = PBXBuildFile; fileRef = 1D03AAEF2726B7D40042FE42 /* Preview Assets.xcassets */; };
		1D03AAFA2726B7D50042FE42 /* bitrise_demoTests.swift in Sources */ = {isa = PBXBuildFile; fileRef = 1D03AAF92726B7D50042FE42 /* bitrise_demoTests.swift */; };
		1D03AB042726B7D50042FE42 /* bitrise_demoUITests.swift in Sources */ = {isa = PBXBuildFile; fileRef = 1D03AB032726B7D50042FE42 /* bitrise_demoUITests.swift */; };
		1D03AB062726B7D50042FE42 /* bitrise_demoUITestsLaunchTests.swift in Sources */ = {isa = PBXBuildFile; fileRef = 1D03AB052726B7D50042FE42 /* bitrise_demoUITestsLaunchTests.swift */; };
/* End PBXBuildFile section */

/* Begin PBXContainerItemProxy section */
		1D03AAF62726B7D50042FE42 /* PBXContainerItemProxy */ = {
			isa = PBXContainerItemProxy;
			containerPortal = 1D03AADD2726B7CE0042FE42 /* Project object */;
			proxyType = 1;
			remoteGlobalIDString = 1D03AAE42726B7CE0042FE42;
			remoteInfo = "bitrise demo";
		};
		1D03AB002726B7D50042FE42 /* PBXContainerItemProxy */ = {
			isa = PBXContainerItemProxy;
			containerPortal = 1D03AADD2726B7CE0042FE42 /* Project object */;
			proxyType = 1;
			remoteGlobalIDString = 1D03AAE42726B7CE0042FE42;
			remoteInfo = "bitrise demo";
		};
/* End PBXContainerItemProxy section */

/* Begin PBXFileReference section */
		1D03AAE52726B7CF0042FE42 /* bitrise demo.app */ = {isa = PBXFileReference; explicitFileType = wrapper.application; includeInIndex = 0; path = "bitrise demo.app"; sourceTree = BUILT_PRODUCTS_DIR; };
		1D03AAE82726B7CF0042FE42 /* bitrise_demoApp.swift */ = {isa = PBXFileReference; lastKnownFileType = sourcecode.swift; path = bitrise_demoApp.swift; sourceTree = "<group>"; };
		1D03AAEA2726B7CF0042FE42 /* ContentView.swift */ = {isa = PBXFileReference; lastKnownFileType = sourcecode.swift; path = ContentView.swift; sourceTree = "<group>"; };
		1D03AAEC2726B7D40042FE42 /* Assets.xcassets */ = {isa = PBXFileReference; lastKnownFileType = folder.assetcatalog; path = Assets.xcassets; sourceTree = "<group>"; };
		1D03AAEF2726B7D40042FE42 /* Preview Assets.xcassets */ = {isa = PBXFileReference; lastKnownFileType = folder.assetcatalog; path = "Preview Assets.xcassets"; sourceTree = "<group>"; };
		1D03AAF52726B7D50042FE42 /* bitrise demoTests.xctest */ = {isa = PBXFileReference; explicitFileType = wrapper.cfbundle; includeInIndex = 0; path = "bitrise demoTests.xctest"; sourceTree = BUILT_PRODUCTS_DIR; };
		1D03AAF92726B7D50042FE42 /* bitrise_demoTests.swift */ = {isa = PBXFileReference; lastKnownFileType = sourcecode.swift; path = bitrise_demoTests.swift; sourceTree = "<group>"; };
		1D03AAFF2726B7D50042FE42 /* bitrise demoUITests.xctest */ = {isa = PBXFileReference; explicitFileType = wrapper.cfbundle; includeInIndex = 0; path = "bitrise demoUITests.xctest"; sourceTree = BUILT_PRODUCTS_DIR; };
		1D03AB032726B7D50042FE42 /* bitrise_demoUITests.swift */ = {isa = PBXFileReference; lastKnownFileType = sourcecode.swift; path = bitrise_demoUITests.swift; sourceTree = "<group>"; };
		1D03AB052726B7D50042FE42 /* bitrise_demoUITestsLaunchTests.swift */ = {isa = PBXFileReference; lastKnownFileType = sourcecode.swift; path = bitrise_demoUITestsLaunchTests.swift; sourceTree = "<group>"; };
/* End PBXFileReference section */

/* Begin PBXFrameworksBuildPhase section */
		1D03AAE22726B7CE0042FE42 /* Frameworks */ = {
			isa = PBXFrameworksBuildPhase;
			buildActionMask = 2147483647;
			files = (
			);
			runOnlyForDeploymentPostprocessing = 0;
		};
		1D03AAF22726B7D50042FE42 /* Frameworks */ = {
			isa = PBXFrameworksBuildPhase;
			buildActionMask = 2147483647;
			files = (
			);
			runOnlyForDeploymentPostprocessing = 0;
		};
		1D03AAFC2726B7D50042FE42 /* Frameworks */ = {
			isa = PBXFrameworksBuildPhase;
			buildActionMask = 2147483647;
			files = (
			);
			runOnlyForDeploymentPostprocessing = 0;
		};
/* End PBXFrameworksBuildPhase section */

/* Begin PBXGroup section */
		1D03AADC2726B7CE0042FE42 = {
			isa = PBXGroup;
			children = (
				1D03AAE72726B7CF0042FE42 /* bitrise demo */,
				1D03AAF82726B7D50042FE42 /* bitrise demoTests */,
				1D03AB022726B7D50042FE42 /* bitrise demoUITests */,
				1D03AAE62726B7CF0042FE42 /* Products */,
			);
			sourceTree = "<group>";
		};
		1D03AAE62726B7CF0042FE42 /* Products */ = {
			isa = PBXGroup;
			children = (
				1D03AAE52726B7CF0042FE42 /* bitrise demo.app */,
				1D03AAF52726B7D50042FE42 /* bitrise demoTests.xctest */,
				1D03AAFF2726B7D50042FE42 /* bitrise demoUITests.xctest */,
			);
			name = Products;
			sourceTree = "<group>";
		};
		1D03AAE72726B7CF0042FE42 /* bitrise demo */ = {
			isa = PBXGroup;
			children = (
				1D03AAE82726B7CF0042FE42 /* bitrise_demoApp.swift */,
				1D03AAEA2726B7CF0042FE42 /* ContentView.swift */,
				1D03AAEC2726B7D40042FE42 /* Assets.xcassets */,
				1D03AAEE2726B7D40042FE42 /* Preview Content */,
			);
			path = "bitrise demo";
			sourceTree = "<group>";
		};
		1D03AAEE2726B7D40042FE42 /* Preview Content */ = {
			isa = PBXGroup;
			children = (
				1D03AAEF2726B7D40042FE42 /* Preview Assets.xcassets */,
			);
			path = "Preview Content";
			sourceTree = "<group>";
		};
		1D03AAF82726B7D50042FE42 /* bitrise demoTests */ = {
			isa = PBXGroup;
			children = (
				1D03AAF92726B7D50042FE42 /* bitrise_demoTests.swift */,
			);
			path = "bitrise demoTests";
			sourceTree = "<group>";
		};
		1D03AB022726B7D50042FE42 /* bitrise demoUITests */ = {
			isa = PBXGroup;
			children = (
				1D03AB032726B7D50042FE42 /* bitrise_demoUITests.swift */,
				1D03AB052726B7D50042FE42 /* bitrise_demoUITestsLaunchTests.swift */,
			);
			path = "bitrise demoUITests";
			sourceTree = "<group>";
		};
/* End PBXGroup section */

/* Begin PBXNativeTarget section */
		1D03AAE42726B7CE0042FE42 /* bitrise demo */ = {
			isa = PBXNativeTarget;
			buildConfigurationList = 1D03AB092726B7D50042FE42 /* Build configuration list for PBXNativeTarget "bitrise demo" */;
			buildPhases = (
				1D03AAE12726B7CE0042FE42 /* Sources */,
				1D03AAE22726B7CE0042FE42 /* Frameworks */,
				1D03AAE32726B7CE0042FE42 /* Resources */,
			);
			buildRules = (
			);
			dependencies = (
			);
			name = "bitrise demo";
			productName = "bitrise demo";
			productReference = 1D03AAE52726B7CF0042FE42 /* bitrise demo.app */;
			productType = "com.apple.product-type.application";
		};
		1D03AAF42726B7D50042FE42 /* bitrise demoTests */ = {
			isa = PBXNativeTarget;
			buildConfigurationList = 1D03AB0C2726B7D50042FE42 /* Build configuration list for PBXNativeTarget "bitrise demoTests" */;
			buildPhases = (
				1D03AAF12726B7D50042FE42 /* Sources */,
				1D03AAF22726B7D50042FE42 /* Frameworks */,
				1D03AAF32726B7D50042FE42 /* Resources */,
			);
			buildRules = (
			);
			dependencies = (
				1D03AAF72726B7D50042FE42 /* PBXTargetDependency */,
			);
			name = "bitrise demoTests";
			productName = "bitrise demoTests";
			productReference = 1D03AAF52726B7D50042FE42 /* bitrise demoTests.xctest */;
			productType = "com.apple.product-type.bundle.unit-test";
		};
		1D03AAFE2726B7D50042FE42 /* bitrise demoUITests */ = {
			isa = PBXNativeTarget;
			buildConfigurationList = 1D03AB0F2726B7D50042FE42 /* Build configuration list for PBXNativeTarget "bitrise demoUITests" */;
			buildPhases = (
				1D03AAFB2726B7D50042FE42 /* Sources */,
				1D03AAFC2726B7D50042FE42 /* Frameworks */,
				1D03AAFD2726B7D50042FE42 /* Resources */,
			);
			buildRules = (
			);
			dependencies = (
				1D03AB012726B7D50042FE42 /* PBXTargetDependency */,
			);
			name = "bitrise demoUITests";
			productName = "bitrise demoUITests";
			productReference = 1D03AAFF2726B7D50042FE42 /* bitrise demoUITests.xctest */;
			productType = "com.apple.product-type.bundle.ui-testing";
		};
/* End PBXNativeTarget section */

/* Begin PBXProject section */
		1D03AADD2726B7CE0042FE42 /* Project object */ = {
			isa = PBXProject;
			attributes = {
				BuildIndependentTargetsInParallel = 1;
				LastSwiftUpdateCheck = 1300;
				LastUpgradeCheck = 1300;
				TargetAttributes = {
					1D03AAE42726B7CE0042FE42 = {
						CreatedOnToolsVersion = 13.0;
					};
					1D03AAF42726B7D50042FE42 = {
						CreatedOnToolsVersion = 13.0;
						TestTargetID = 1D03AAE42726B7CE0042FE42;
					};
					1D03AAFE2726B7D50042FE42 = {
						CreatedOnToolsVersion = 13.0;
						TestTargetID = 1D03AAE42726B7CE0042FE42;
					};
				};
			};
			buildConfigurationList = 1D03AAE02726B7CE0042FE42 /* Build configuration list for PBXProject "bitrise demo" */;
			compatibilityVersion = "Xcode 13.0";
			developmentRegion = en;
			hasScannedForEncodings = 0;
			knownRegions = (
				en,
				Base,
			);
			mainGroup = 1D03AADC2726B7CE0042FE42;
			productRefGroup = 1D03AAE62726B7CF0042FE42 /* Products */;
			projectDirPath = "";
			projectRoot = "";
			targets = (
				1D03AAE42726B7CE0042FE42 /* bitrise demo */,
				1D03AAF42726B7D50042FE42 /* bitrise demoTests */,
				1D03AAFE2726B7D50042FE42 /* bitrise demoUITests */,
			);
		};
/* End PBXProject section */

/* Begin PBXResourcesBuildPhase section */
		1D03AAE32726B7CE0042FE42 /* Resources */ = {
			isa = PBXResourcesBuildPhase;
			buildActionMask = 2147483647;
			files = (
				1D03AAF02726B7D40042FE42 /* Preview Assets.xcassets in Resources */,
				1D03AAED2726B7D40042FE42 /* Assets.xcassets in Resources */,
			);
			runOnlyForDeploymentPostprocessing = 0;
		};
		1D03AAF32726B7D50042FE42 /* Resources */ = {
			isa = PBXResourcesBuildPhase;
			buildActionMask = 2147483647;
			files = (
			);
			runOnlyForDeploymentPostprocessing = 0;
		};
		1D03AAFD2726B7D50042FE42 /* Resources */ = {
			isa = PBXResourcesBuildPhase;
			buildActionMask = 2147483647;
			files = (
			);
			runOnlyForDeploymentPostprocessing = 0;
		};
/* End PBXResourcesBuildPhase section */

/* Begin PBXSourcesBuildPhase section */
		1D03AAE12726B7CE0042FE42 /* Sources */ = {
			isa = PBXSourcesBuildPhase;
			buildActionMask = 2147483647;
			files = (
				1D03AAEB2726B7CF0042FE42 /* ContentView.swift in Sources */,
				1D03AAE92726B7CF0042FE42 /* bitrise_demoApp.swift in Sources */,
			);
			runOnlyForDeploymentPostprocessing = 0;
		};
		1D03AAF12726B7D50042FE42 /* Sources */ = {
			isa = PBXSourcesBuildPhase;
			buildActionMask = 2147483647;
			files = (
				1D03AAFA2726B7D50042FE42 /* bitrise_demoTests.swift in Sources */,
			);
			runOnlyForDeploymentPostprocessing = 0;
		};
		1D03AAFB2726B7D50042FE42 /* Sources */ = {
			isa = PBXSourcesBuildPhase;
			buildActionMask = 2147483647;
			files = (
				1D03AB062726B7D50042FE42 /* bitrise_demoUITestsLaunchTests.swift in Sources */,
				1D03AB042726B7D50042FE42 /* bitrise_demoUITests.swift in Sources */,
			);
			runOnlyForDeploymentPostprocessing = 0;
		};
/* End PBXSourcesBuildPhase section */

/* Begin PBXTargetDependency section */
		1D03AAF72726B7D50042FE42 /* PBXTargetDependency */ = {
			isa = PBXTargetDependency;
			target = 1D03AAE42726B7CE0042FE42 /* bitrise demo */;
			targetProxy = 1D03AAF62726B7D50042FE42 /* PBXContainerItemProxy */;
		};
		1D03AB012726B7D50042FE42 /* PBXTargetDependency */ = {
			isa = PBXTargetDependency;
			target = 1D03AAE42726B7CE0042FE42 /* bitrise demo */;
			targetProxy = 1D03AB002726B7D50042FE42 /* PBXContainerItemProxy */;
		};
/* End PBXTargetDependency section */

/* Begin XCBuildConfiguration section */
		1D03AB072726B7D50042FE42 /* Debug */ = {
			isa = XCBuildConfiguration;
			buildSettings = {
				ALWAYS_SEARCH_USER_PATHS = NO;
				CLANG_ANALYZER_NONNULL = YES;
				CLANG_ANALYZER_NUMBER_OBJECT_CONVERSION = YES_AGGRESSIVE;
				CLANG_CXX_LANGUAGE_STANDARD = "gnu++17";
				CLANG_CXX_LIBRARY = "libc++";
				CLANG_ENABLE_MODULES = YES;
				CLANG_ENABLE_OBJC_ARC = YES;
				CLANG_ENABLE_OBJC_WEAK = YES;
				CLANG_WARN_BLOCK_CAPTURE_AUTORELEASING = YES;
				CLANG_WARN_BOOL_CONVERSION = YES;
				CLANG_WARN_COMMA = YES;
				CLANG_WARN_CONSTANT_CONVERSION = YES;
				CLANG_WARN_DEPRECATED_OBJC_IMPLEMENTATIONS = YES;
				CLANG_WARN_DIRECT_OBJC_ISA_USAGE = YES_ERROR;
				CLANG_WARN_DOCUMENTATION_COMMENTS = YES;
				CLANG_WARN_EMPTY_BODY = YES;
				CLANG_WARN_ENUM_CONVERSION = YES;
				CLANG_WARN_INFINITE_RECURSION = YES;
				CLANG_WARN_INT_CONVERSION = YES;
				CLANG_WARN_NON_LITERAL_NULL_CONVERSION = YES;
				CLANG_WARN_OBJC_IMPLICIT_RETAIN_SELF = YES;
				CLANG_WARN_OBJC_LITERAL_CONVERSION = YES;
				CLANG_WARN_OBJC_ROOT_CLASS = YES_ERROR;
				CLANG_WARN_QUOTED_INCLUDE_IN_FRAMEWORK_HEADER = YES;
				CLANG_WARN_RANGE_LOOP_ANALYSIS = YES;
				CLANG_WARN_STRICT_PROTOTYPES = YES;
				CLANG_WARN_SUSPICIOUS_MOVE = YES;
				CLANG_WARN_UNGUARDED_AVAILABILITY = YES_AGGRESSIVE;
				CLANG_WARN_UNREACHABLE_CODE = YES;
				CLANG_WARN__DUPLICATE_METHOD_MATCH = YES;
				COPY_PHASE_STRIP = NO;
				DEBUG_INFORMATION_FORMAT = dwarf;
				ENABLE_STRICT_OBJC_MSGSEND = YES;
				ENABLE_TESTABILITY = YES;
				GCC_C_LANGUAGE_STANDARD = gnu11;
				GCC_DYNAMIC_NO_PIC = NO;
				GCC_NO_COMMON_BLOCKS = YES;
				GCC_OPTIMIZATION_LEVEL = 0;
				GCC_PREPROCESSOR_DEFINITIONS = (
					"DEBUG=1",
					"$(inherited)",
				);
				GCC_WARN_64_TO_32_BIT_CONVERSION = YES;
				GCC_WARN_ABOUT_RETURN_TYPE = YES_ERROR;
				GCC_WARN_UNDECLARED_SELECTOR = YES;
				GCC_WARN_UNINITIALIZED_AUTOS = YES_AGGRESSIVE;
				GCC_WARN_UNUSED_FUNCTION = YES;
				GCC_WARN_UNUSED_VARIABLE = YES;
				IPHONEOS_DEPLOYMENT_TARGET = 15.0;
				MTL_ENABLE_DEBUG_INFO = INCLUDE_SOURCE;
				MTL_FAST_MATH = YES;
				ONLY_ACTIVE_ARCH = YES;
				SDKROOT = iphoneos;
				SWIFT_ACTIVE_COMPILATION_CONDITIONS = DEBUG;
				SWIFT_OPTIMIZATION_LEVEL = "-Onone";
			};
			name = Debug;
		};
		1D03AB082726B7D50042FE42 /* Release */ = {
			isa = XCBuildConfiguration;
			buildSettings = {
				ALWAYS_SEARCH_USER_PATHS = NO;
				CLANG_ANALYZER_NONNULL = YES;
				CLANG_ANALYZER_NUMBER_OBJECT_CONVERSION = YES_AGGRESSIVE;
				CLANG_CXX_LANGUAGE_STANDARD = "gnu++17";
				CLANG_CXX_LIBRARY = "libc++";
				CLANG_ENABLE_MODULES = YES;
				CLANG_ENABLE_OBJC_ARC = YES;
				CLANG_ENABLE_OBJC_WEAK = YES;
				CLANG_WARN_BLOCK_CAPTURE_AUTORELEASING = YES;
				CLANG_WARN_BOOL_CONVERSION = YES;
				CLANG_WARN_COMMA = YES;
				CLANG_WARN_CONSTANT_CONVERSION = YES;
				CLANG_WARN_DEPRECATED_OBJC_IMPLEMENTATIONS = YES;
				CLANG_WARN_DIRECT_OBJC_ISA_USAGE = YES_ERROR;
				CLANG_WARN_DOCUMENTATION_COMMENTS = YES;
				CLANG_WARN_EMPTY_BODY = YES;
				CLANG_WARN_ENUM_CONVERSION = YES;
				CLANG_WARN_INFINITE_RECURSION = YES;
				CLANG_WARN_INT_CONVERSION = YES;
				CLANG_WARN_NON_LITERAL_NULL_CONVERSION = YES;
				CLANG_WARN_OBJC_IMPLICIT_RETAIN_SELF = YES;
				CLANG_WARN_OBJC_LITERAL_CONVERSION = YES;
				CLANG_WARN_OBJC_ROOT_CLASS = YES_ERROR;
				CLANG_WARN_QUOTED_INCLUDE_IN_FRAMEWORK_HEADER = YES;
				CLANG_WARN_RANGE_LOOP_ANALYSIS = YES;
				CLANG_WARN_STRICT_PROTOTYPES = YES;
				CLANG_WARN_SUSPICIOUS_MOVE = YES;
				CLANG_WARN_UNGUARDED_AVAILABILITY = YES_AGGRESSIVE;
				CLANG_WARN_UNREACHABLE_CODE = YES;
				CLANG_WARN__DUPLICATE_METHOD_MATCH = YES;
				COPY_PHASE_STRIP = NO;
				DEBUG_INFORMATION_FORMAT = "dwarf-with-dsym";
				ENABLE_NS_ASSERTIONS = NO;
				ENABLE_STRICT_OBJC_MSGSEND = YES;
				GCC_C_LANGUAGE_STANDARD = gnu11;
				GCC_NO_COMMON_BLOCKS = YES;
				GCC_WARN_64_TO_32_BIT_CONVERSION = YES;
				GCC_WARN_ABOUT_RETURN_TYPE = YES_ERROR;
				GCC_WARN_UNDECLARED_SELECTOR = YES;
				GCC_WARN_UNINITIALIZED_AUTOS = YES_AGGRESSIVE;
				GCC_WARN_UNUSED_FUNCTION = YES;
				GCC_WARN_UNUSED_VARIABLE = YES;
				IPHONEOS_DEPLOYMENT_TARGET = 15.0;
				MTL_ENABLE_DEBUG_INFO = NO;
				MTL_FAST_MATH = YES;
				SDKROOT = iphoneos;
				SWIFT_COMPILATION_MODE = wholemodule;
				SWIFT_OPTIMIZATION_LEVEL = "-O";
				VALIDATE_PRODUCT = YES;
			};
			name = Release;
		};
		1D03AB0A2726B7D50042FE42 /* Debug */ = {
			isa = XCBuildConfiguration;
			buildSettings = {
				ASSETCATALOG_COMPILER_APPICON_NAME = AppIcon;
				ASSETCATALOG_COMPILER_GLOBAL_ACCENT_COLOR_NAME = AccentColor;
				CODE_SIGN_STYLE = Automatic;
				CURRENT_PROJECT_VERSION = 1;
				DEVELOPMENT_ASSET_PATHS = "\"bitrise demo/Preview Content\"";
				DEVELOPMENT_TEAM = CZHT3BTCGY;
				ENABLE_PREVIEWS = YES;
				GENERATE_INFOPLIST_FILE = YES;
				INFOPLIST_KEY_UIApplicationSceneManifest_Generation = YES;
				INFOPLIST_KEY_UIApplicationSupportsIndirectInputEvents = YES;
				INFOPLIST_KEY_UILaunchScreen_Generation = YES;
				INFOPLIST_KEY_UISupportedInterfaceOrientations_iPad = "UIInterfaceOrientationPortrait UIInterfaceOrientationPortraitUpsideDown UIInterfaceOrientationLandscapeLeft UIInterfaceOrientationLandscapeRight";
				INFOPLIST_KEY_UISupportedInterfaceOrientations_iPhone = "UIInterfaceOrientationPortrait UIInterfaceOrientationLandscapeLeft UIInterfaceOrientationLandscapeRight";
				IPHONEOS_DEPLOYMENT_TARGET = 14.0;
				LD_RUNPATH_SEARCH_PATHS = (
					"$(inherited)",
					"@executable_path/Frameworks",
				);
				MARKETING_VERSION = 1.0;
				PRODUCT_BUNDLE_IDENTIFIER = "org.gdelgado.bitrise-demo";
				PRODUCT_NAME = "$(TARGET_NAME)";
				SWIFT_EMIT_LOC_STRINGS = YES;
				SWIFT_VERSION = 5.0;
				TARGETED_DEVICE_FAMILY = "1,2";
			};
			name = Debug;
		};
		1D03AB0B2726B7D50042FE42 /* Release */ = {
			isa = XCBuildConfiguration;
			buildSettings = {
				ASSETCATALOG_COMPILER_APPICON_NAME = AppIcon;
				ASSETCATALOG_COMPILER_GLOBAL_ACCENT_COLOR_NAME = AccentColor;
				CODE_SIGN_STYLE = Automatic;
				CURRENT_PROJECT_VERSION = 1;
				DEVELOPMENT_ASSET_PATHS = "\"bitrise demo/Preview Content\"";
				DEVELOPMENT_TEAM = CZHT3BTCGY;
				ENABLE_PREVIEWS = YES;
				GENERATE_INFOPLIST_FILE = YES;
				INFOPLIST_KEY_UIApplicationSceneManifest_Generation = YES;
				INFOPLIST_KEY_UIApplicationSupportsIndirectInputEvents = YES;
				INFOPLIST_KEY_UILaunchScreen_Generation = YES;
				INFOPLIST_KEY_UISupportedInterfaceOrientations_iPad = "UIInterfaceOrientationPortrait UIInterfaceOrientationPortraitUpsideDown UIInterfaceOrientationLandscapeLeft UIInterfaceOrientationLandscapeRight";
				INFOPLIST_KEY_UISupportedInterfaceOrientations_iPhone = "UIInterfaceOrientationPortrait UIInterfaceOrientationLandscapeLeft UIInterfaceOrientationLandscapeRight";
				IPHONEOS_DEPLOYMENT_TARGET = 14.0;
				LD_RUNPATH_SEARCH_PATHS = (
					"$(inherited)",
					"@executable_path/Frameworks",
				);
				MARKETING_VERSION = 1.0;
				PRODUCT_BUNDLE_IDENTIFIER = "org.gdelgado.bitrise-demo";
				PRODUCT_NAME = "$(TARGET_NAME)";
				SWIFT_EMIT_LOC_STRINGS = YES;
				SWIFT_VERSION = 5.0;
				TARGETED_DEVICE_FAMILY = "1,2";
			};
			name = Release;
		};
		1D03AB0D2726B7D50042FE42 /* Debug */ = {
			isa = XCBuildConfiguration;
			buildSettings = {
				ALWAYS_EMBED_SWIFT_STANDARD_LIBRARIES = YES;
				BUNDLE_LOADER = "$(TEST_HOST)";
				CODE_SIGN_STYLE = Automatic;
				CURRENT_PROJECT_VERSION = 1;
				DEVELOPMENT_TEAM = CZHT3BTCGY;
				GENERATE_INFOPLIST_FILE = YES;
				IPHONEOS_DEPLOYMENT_TARGET = 14.0;
				LD_RUNPATH_SEARCH_PATHS = (
					"$(inherited)",
					"@executable_path/Frameworks",
					"@loader_path/Frameworks",
				);
				MARKETING_VERSION = 1.0;
				PRODUCT_BUNDLE_IDENTIFIER = "org.gdelgado.bitrise-demoTests";
				PRODUCT_NAME = "$(TARGET_NAME)";
				SWIFT_EMIT_LOC_STRINGS = NO;
				SWIFT_VERSION = 5.0;
				TARGETED_DEVICE_FAMILY = "1,2";
				TEST_HOST = "$(BUILT_PRODUCTS_DIR)/bitrise demo.app/bitrise demo";
			};
			name = Debug;
		};
		1D03AB0E2726B7D50042FE42 /* Release */ = {
			isa = XCBuildConfiguration;
			buildSettings = {
				ALWAYS_EMBED_SWIFT_STANDARD_LIBRARIES = YES;
				BUNDLE_LOADER = "$(TEST_HOST)";
				CODE_SIGN_STYLE = Automatic;
				CURRENT_PROJECT_VERSION = 1;
				DEVELOPMENT_TEAM = CZHT3BTCGY;
				GENERATE_INFOPLIST_FILE = YES;
				IPHONEOS_DEPLOYMENT_TARGET = 14.0;
				LD_RUNPATH_SEARCH_PATHS = (
					"$(inherited)",
					"@executable_path/Frameworks",
					"@loader_path/Frameworks",
				);
				MARKETING_VERSION = 1.0;
				PRODUCT_BUNDLE_IDENTIFIER = "org.gdelgado.bitrise-demoTests";
				PRODUCT_NAME = "$(TARGET_NAME)";
				SWIFT_EMIT_LOC_STRINGS = NO;
				SWIFT_VERSION = 5.0;
				TARGETED_DEVICE_FAMILY = "1,2";
				TEST_HOST = "$(BUILT_PRODUCTS_DIR)/bitrise demo.app/bitrise demo";
			};
			name = Release;
		};
		1D03AB102726B7D50042FE42 /* Debug */ = {
			isa = XCBuildConfiguration;
			buildSettings = {
				ALWAYS_EMBED_SWIFT_STANDARD_LIBRARIES = YES;
				CODE_SIGN_STYLE = Automatic;
				CURRENT_PROJECT_VERSION = 1;
				DEVELOPMENT_TEAM = CZHT3BTCGY;
				GENERATE_INFOPLIST_FILE = YES;
				LD_RUNPATH_SEARCH_PATHS = (
					"$(inherited)",
					"@executable_path/Frameworks",
					"@loader_path/Frameworks",
				);
				MARKETING_VERSION = 1.0;
				PRODUCT_BUNDLE_IDENTIFIER = "org.gdelgado.bitrise-demoUITests";
				PRODUCT_NAME = "$(TARGET_NAME)";
				SWIFT_EMIT_LOC_STRINGS = NO;
				SWIFT_VERSION = 5.0;
				TARGETED_DEVICE_FAMILY = "1,2";
				TEST_TARGET_NAME = "bitrise demo";
			};
			name = Debug;
		};
		1D03AB112726B7D50042FE42 /* Release */ = {
			isa = XCBuildConfiguration;
			buildSettings = {
				ALWAYS_EMBED_SWIFT_STANDARD_LIBRARIES = YES;
				CODE_SIGN_STYLE = Automatic;
				CURRENT_PROJECT_VERSION = 1;
				DEVELOPMENT_TEAM = CZHT3BTCGY;
				GENERATE_INFOPLIST_FILE = YES;
				LD_RUNPATH_SEARCH_PATHS = (
					"$(inherited)",
					"@executable_path/Frameworks",
					"@loader_path/Frameworks",
				);
				MARKETING_VERSION = 1.0;
				PRODUCT_BUNDLE_IDENTIFIER = "org.gdelgado.bitrise-demoUITests";
				PRODUCT_NAME = "$(TARGET_NAME)";
				SWIFT_EMIT_LOC_STRINGS = NO;
				SWIFT_VERSION = 5.0;
				TARGETED_DEVICE_FAMILY = "1,2";
				TEST_TARGET_NAME = "bitrise demo";
			};
			name = Release;
		};
/* End XCBuildConfiguration section */

/* Begin XCConfigurationList section */
		1D03AAE02726B7CE0042FE42 /* Build configuration list for PBXProject "bitrise demo" */ = {
			isa = XCConfigurationList;
			buildConfigurations = (
				1D03AB072726B7D50042FE42 /* Debug */,
				1D03AB082726B7D50042FE42 /* Release */,
			);
			defaultConfigurationIsVisible = 0;
			defaultConfigurationName = Release;
		};
		1D03AB092726B7D50042FE42 /* Build configuration list for PBXNativeTarget "bitrise demo" */ = {
			isa = XCConfigurationList;
			buildConfigurations = (
				1D03AB0A2726B7D50042FE42 /* Debug */,
				1D03AB0B2726B7D50042FE42 /* Release */,
			);
			defaultConfigurationIsVisible = 0;
			defaultConfigurationName = Release;
		};
		1D03AB0C2726B7D50042FE42 /* Build configuration list for PBXNativeTarget "bitrise demoTests" */ = {
			isa = XCConfigurationList;
			buildConfigurations = (
				1D03AB0D2726B7D50042FE42 /* Debug */,
				1D03AB0E2726B7D50042FE42 /* Release */,
			);
			defaultConfigurationIsVisible = 0;
			defaultConfigurationName = Release;
		};
		1D03AB0F2726B7D50042FE42 /* Build configuration list for PBXNativeTarget "bitrise demoUITests" */ = {
			isa = XCConfigurationList;
			buildConfigurations = (
				1D03AB102726B7D50042FE42 /* Debug */,
				1D03AB112726B7D50042FE42 /* Release */,
			);
			defaultConfigurationIsVisible = 0;
			defaultConfigurationName = Release;
		};
/* End XCConfigurationList section */
	};
	rootObject = 1D03AADD2726B7CE0042FE42 /* Project object */;
}
